// !$*UTF8*$!
{
	archiveVersion = 1;
	classes = {
	};
	objectVersion = 46;
	objects = {

/* Begin PBXBuildFile section */
		5A2A17F71EA28C1D00158E55 /* SwipeViewController.swift in Sources */ = {isa = PBXBuildFile; fileRef = 5A2A17F61EA28C1D00158E55 /* SwipeViewController.swift */; };
		5A3E258A1E9FEFBD00810CCB /* ShotDetailViewController.swift in Sources */ = {isa = PBXBuildFile; fileRef = 5A3E25891E9FEFBD00810CCB /* ShotDetailViewController.swift */; };
		5A604B9B1E9C41ED00EBF1D3 /* AppDelegate.swift in Sources */ = {isa = PBXBuildFile; fileRef = 5A604B9A1E9C41ED00EBF1D3 /* AppDelegate.swift */; };
		5A604BA01E9C41ED00EBF1D3 /* Main.storyboard in Resources */ = {isa = PBXBuildFile; fileRef = 5A604B9E1E9C41ED00EBF1D3 /* Main.storyboard */; };
		5A604BA21E9C41ED00EBF1D3 /* Assets.xcassets in Resources */ = {isa = PBXBuildFile; fileRef = 5A604BA11E9C41ED00EBF1D3 /* Assets.xcassets */; };
		5A604BA51E9C41ED00EBF1D3 /* LaunchScreen.storyboard in Resources */ = {isa = PBXBuildFile; fileRef = 5A604BA31E9C41ED00EBF1D3 /* LaunchScreen.storyboard */; };
		5A604BB01E9C435900EBF1D3 /* Swipe.storyboard in Resources */ = {isa = PBXBuildFile; fileRef = 5A604BAF1E9C435900EBF1D3 /* Swipe.storyboard */; };
		5A604BB21E9C436200EBF1D3 /* Likes.storyboard in Resources */ = {isa = PBXBuildFile; fileRef = 5A604BB11E9C436200EBF1D3 /* Likes.storyboard */; };
		5A604BB41E9C436B00EBF1D3 /* Search.storyboard in Resources */ = {isa = PBXBuildFile; fileRef = 5A604BB31E9C436B00EBF1D3 /* Search.storyboard */; };
		5A604BB61E9C437200EBF1D3 /* User.storyboard in Resources */ = {isa = PBXBuildFile; fileRef = 5A604BB51E9C437200EBF1D3 /* User.storyboard */; };
		5A604BC01E9C6CAC00EBF1D3 /* Appearance.swift in Sources */ = {isa = PBXBuildFile; fileRef = 5A604BBF1E9C6CAC00EBF1D3 /* Appearance.swift */; };
		5A604BC21E9C6E0900EBF1D3 /* LaunchViewController.swift in Sources */ = {isa = PBXBuildFile; fileRef = 5A604BC11E9C6E0900EBF1D3 /* LaunchViewController.swift */; };
		5A604BC41E9C726300EBF1D3 /* AuthViewController.swift in Sources */ = {isa = PBXBuildFile; fileRef = 5A604BC31E9C726300EBF1D3 /* AuthViewController.swift */; };
		5A7E23B21EA2B1B900582516 /* CardView.swift in Sources */ = {isa = PBXBuildFile; fileRef = 5A7E23B11EA2B1B900582516 /* CardView.swift */; };
		5A7E23B41EA2B20C00582516 /* EmojiOptionsOverlay.swift in Sources */ = {isa = PBXBuildFile; fileRef = 5A7E23B31EA2B20C00582516 /* EmojiOptionsOverlay.swift */; };
		5A7E23B61EA2B24400582516 /* ShotCard.swift in Sources */ = {isa = PBXBuildFile; fileRef = 5A7E23B51EA2B24400582516 /* ShotCard.swift */; };
		5A80040F1E9EBD3F005356CA /* Shot.swift in Sources */ = {isa = PBXBuildFile; fileRef = 5A80040E1E9EBD3F005356CA /* Shot.swift */; };
		5A8004171E9EBD89005356CA /* ImageController.swift in Sources */ = {isa = PBXBuildFile; fileRef = 5A8004161E9EBD89005356CA /* ImageController.swift */; };
		5A8004211E9EC064005356CA /* ApiController.swift in Sources */ = {isa = PBXBuildFile; fileRef = 5A8004201E9EC064005356CA /* ApiController.swift */; };
		5A8786011E9D33F900CB8B6C /* DribbbleApi.swift in Sources */ = {isa = PBXBuildFile; fileRef = 5A8786001E9D33F900CB8B6C /* DribbbleApi.swift */; };
		5AF634411EA66D9900E5ACD4 /* Formatters.swift in Sources */ = {isa = PBXBuildFile; fileRef = 5AF634401EA66D9900E5ACD4 /* Formatters.swift */; };
		661E6E3E1E9C4BD00048E5EA /* UserController.swift in Sources */ = {isa = PBXBuildFile; fileRef = 661E6E3D1E9C4BD00048E5EA /* UserController.swift */; };
		661E6E401E9C4BE90048E5EA /* User.swift in Sources */ = {isa = PBXBuildFile; fileRef = 661E6E3F1E9C4BE90048E5EA /* User.swift */; };
		665984571E9EBF87001BB19F /* UserDetailViewController.swift in Sources */ = {isa = PBXBuildFile; fileRef = 665984561E9EBF87001BB19F /* UserDetailViewController.swift */; };
		66C4809E1EA6B9AA00C0E077 /* ShotDetailView.storyboard in Resources */ = {isa = PBXBuildFile; fileRef = 66C4809D1EA6B9AA00C0E077 /* ShotDetailView.storyboard */; };
		66C480A01EA6CBE800C0E077 /* UserShotsCollectionViewCell.swift in Sources */ = {isa = PBXBuildFile; fileRef = 66C4809F1EA6CBE800C0E077 /* UserShotsCollectionViewCell.swift */; };
		66C5FC6A1EA504C1007B28AB /* UserProfileCollectionReusableView.swift in Sources */ = {isa = PBXBuildFile; fileRef = 66C5FC691EA504C1007B28AB /* UserProfileCollectionReusableView.swift */; };
		963C597B1EA16BD40015A139 /* UIImage+gif.swift in Sources */ = {isa = PBXBuildFile; fileRef = 963C597A1EA16BD40015A139 /* UIImage+gif.swift */; };
		967D83C61E9D9F17001BE32E /* NetworkController.swift in Sources */ = {isa = PBXBuildFile; fileRef = 967D83C51E9D9F17001BE32E /* NetworkController.swift */; };
		96A276A01E9E97B7006C21F0 /* Keychain.swift in Sources */ = {isa = PBXBuildFile; fileRef = 96A2769F1E9E97B7006C21F0 /* Keychain.swift */; };
		96AF3E461E9FCF2D002A79DD /* ShotCollectionViewCell.swift in Sources */ = {isa = PBXBuildFile; fileRef = 96AF3E441E9FCF2D002A79DD /* ShotCollectionViewCell.swift */; };
		96AF3E471E9FCF2D002A79DD /* LikesViewController.swift in Sources */ = {isa = PBXBuildFile; fileRef = 96AF3E451E9FCF2D002A79DD /* LikesViewController.swift */; };
		96DDF2441EA6BD4E006DBD1D /* ShotDetailView.storyboard in Resources */ = {isa = PBXBuildFile; fileRef = 96DDF2431EA6BD4E006DBD1D /* ShotDetailView.storyboard */; };
/* End PBXBuildFile section */

/* Begin PBXCopyFilesBuildPhase section */
		5A87863A1E9D4AA600CB8B6C /* Embed Frameworks */ = {
			isa = PBXCopyFilesBuildPhase;
			buildActionMask = 2147483647;
			dstPath = "";
			dstSubfolderSpec = 10;
			files = (
			);
			name = "Embed Frameworks";
			runOnlyForDeploymentPostprocessing = 0;
		};
/* End PBXCopyFilesBuildPhase section */

/* Begin PBXFileReference section */
		5A2A17F61EA28C1D00158E55 /* SwipeViewController.swift */ = {isa = PBXFileReference; fileEncoding = 4; lastKnownFileType = sourcecode.swift; path = SwipeViewController.swift; sourceTree = "<group>"; };
		5A3E25891E9FEFBD00810CCB /* ShotDetailViewController.swift */ = {isa = PBXFileReference; fileEncoding = 4; lastKnownFileType = sourcecode.swift; path = ShotDetailViewController.swift; sourceTree = "<group>"; };
		5A604B971E9C41ED00EBF1D3 /* Swish.app */ = {isa = PBXFileReference; explicitFileType = wrapper.application; includeInIndex = 0; path = Swish.app; sourceTree = BUILT_PRODUCTS_DIR; };
		5A604B9A1E9C41ED00EBF1D3 /* AppDelegate.swift */ = {isa = PBXFileReference; lastKnownFileType = sourcecode.swift; path = AppDelegate.swift; sourceTree = "<group>"; };
		5A604B9F1E9C41ED00EBF1D3 /* Base */ = {isa = PBXFileReference; lastKnownFileType = file.storyboard; name = Base; path = Base.lproj/Main.storyboard; sourceTree = "<group>"; };
		5A604BA11E9C41ED00EBF1D3 /* Assets.xcassets */ = {isa = PBXFileReference; lastKnownFileType = folder.assetcatalog; path = Assets.xcassets; sourceTree = "<group>"; };
		5A604BA41E9C41ED00EBF1D3 /* Base */ = {isa = PBXFileReference; lastKnownFileType = file.storyboard; name = Base; path = Base.lproj/LaunchScreen.storyboard; sourceTree = "<group>"; };
		5A604BA61E9C41ED00EBF1D3 /* Info.plist */ = {isa = PBXFileReference; lastKnownFileType = text.plist.xml; path = Info.plist; sourceTree = "<group>"; };
		5A604BAF1E9C435900EBF1D3 /* Swipe.storyboard */ = {isa = PBXFileReference; fileEncoding = 4; lastKnownFileType = file.storyboard; path = Swipe.storyboard; sourceTree = "<group>"; };
		5A604BB11E9C436200EBF1D3 /* Likes.storyboard */ = {isa = PBXFileReference; fileEncoding = 4; lastKnownFileType = file.storyboard; path = Likes.storyboard; sourceTree = "<group>"; };
		5A604BB31E9C436B00EBF1D3 /* Search.storyboard */ = {isa = PBXFileReference; fileEncoding = 4; lastKnownFileType = file.storyboard; path = Search.storyboard; sourceTree = "<group>"; };
		5A604BB51E9C437200EBF1D3 /* User.storyboard */ = {isa = PBXFileReference; fileEncoding = 4; lastKnownFileType = file.storyboard; path = User.storyboard; sourceTree = "<group>"; };
		5A604BBF1E9C6CAC00EBF1D3 /* Appearance.swift */ = {isa = PBXFileReference; fileEncoding = 4; lastKnownFileType = sourcecode.swift; path = Appearance.swift; sourceTree = "<group>"; };
		5A604BC11E9C6E0900EBF1D3 /* LaunchViewController.swift */ = {isa = PBXFileReference; fileEncoding = 4; lastKnownFileType = sourcecode.swift; path = LaunchViewController.swift; sourceTree = "<group>"; };
		5A604BC31E9C726300EBF1D3 /* AuthViewController.swift */ = {isa = PBXFileReference; fileEncoding = 4; lastKnownFileType = sourcecode.swift; path = AuthViewController.swift; sourceTree = "<group>"; };
		5A7E23B11EA2B1B900582516 /* CardView.swift */ = {isa = PBXFileReference; fileEncoding = 4; lastKnownFileType = sourcecode.swift; path = CardView.swift; sourceTree = "<group>"; };
		5A7E23B31EA2B20C00582516 /* EmojiOptionsOverlay.swift */ = {isa = PBXFileReference; fileEncoding = 4; lastKnownFileType = sourcecode.swift; path = EmojiOptionsOverlay.swift; sourceTree = "<group>"; };
		5A7E23B51EA2B24400582516 /* ShotCard.swift */ = {isa = PBXFileReference; fileEncoding = 4; lastKnownFileType = sourcecode.swift; path = ShotCard.swift; sourceTree = "<group>"; };
		5A80040E1E9EBD3F005356CA /* Shot.swift */ = {isa = PBXFileReference; fileEncoding = 4; lastKnownFileType = sourcecode.swift; path = Shot.swift; sourceTree = "<group>"; };
		5A8004161E9EBD89005356CA /* ImageController.swift */ = {isa = PBXFileReference; fileEncoding = 4; lastKnownFileType = sourcecode.swift; path = ImageController.swift; sourceTree = "<group>"; };
		5A8004201E9EC064005356CA /* ApiController.swift */ = {isa = PBXFileReference; fileEncoding = 4; lastKnownFileType = sourcecode.swift; path = ApiController.swift; sourceTree = "<group>"; };
		5A8786001E9D33F900CB8B6C /* DribbbleApi.swift */ = {isa = PBXFileReference; fileEncoding = 4; lastKnownFileType = sourcecode.swift; path = DribbbleApi.swift; sourceTree = "<group>"; };
		5AF634401EA66D9900E5ACD4 /* Formatters.swift */ = {isa = PBXFileReference; fileEncoding = 4; lastKnownFileType = sourcecode.swift; path = Formatters.swift; sourceTree = "<group>"; };
		661E6E3D1E9C4BD00048E5EA /* UserController.swift */ = {isa = PBXFileReference; fileEncoding = 4; lastKnownFileType = sourcecode.swift; path = UserController.swift; sourceTree = "<group>"; };
		661E6E3F1E9C4BE90048E5EA /* User.swift */ = {isa = PBXFileReference; fileEncoding = 4; lastKnownFileType = sourcecode.swift; path = User.swift; sourceTree = "<group>"; };
		665984561E9EBF87001BB19F /* UserDetailViewController.swift */ = {isa = PBXFileReference; fileEncoding = 4; lastKnownFileType = sourcecode.swift; path = UserDetailViewController.swift; sourceTree = "<group>"; };
		66C4809D1EA6B9AA00C0E077 /* ShotDetailView.storyboard */ = {isa = PBXFileReference; fileEncoding = 4; lastKnownFileType = file.storyboard; path = ShotDetailView.storyboard; sourceTree = "<group>"; };
		66C4809F1EA6CBE800C0E077 /* UserShotsCollectionViewCell.swift */ = {isa = PBXFileReference; fileEncoding = 4; lastKnownFileType = sourcecode.swift; path = UserShotsCollectionViewCell.swift; sourceTree = "<group>"; };
		66C5FC691EA504C1007B28AB /* UserProfileCollectionReusableView.swift */ = {isa = PBXFileReference; fileEncoding = 4; lastKnownFileType = sourcecode.swift; path = UserProfileCollectionReusableView.swift; sourceTree = "<group>"; };
		963C597A1EA16BD40015A139 /* UIImage+gif.swift */ = {isa = PBXFileReference; fileEncoding = 4; lastKnownFileType = sourcecode.swift; path = "UIImage+gif.swift"; sourceTree = "<group>"; };
		967D83C51E9D9F17001BE32E /* NetworkController.swift */ = {isa = PBXFileReference; fileEncoding = 4; lastKnownFileType = sourcecode.swift; path = NetworkController.swift; sourceTree = "<group>"; };
		96A2769F1E9E97B7006C21F0 /* Keychain.swift */ = {isa = PBXFileReference; fileEncoding = 4; lastKnownFileType = sourcecode.swift; path = Keychain.swift; sourceTree = "<group>"; };
		96AF3E441E9FCF2D002A79DD /* ShotCollectionViewCell.swift */ = {isa = PBXFileReference; fileEncoding = 4; lastKnownFileType = sourcecode.swift; path = ShotCollectionViewCell.swift; sourceTree = "<group>"; };
		96AF3E451E9FCF2D002A79DD /* LikesViewController.swift */ = {isa = PBXFileReference; fileEncoding = 4; lastKnownFileType = sourcecode.swift; path = LikesViewController.swift; sourceTree = "<group>"; };
		96DDF2431EA6BD4E006DBD1D /* ShotDetailView.storyboard */ = {isa = PBXFileReference; fileEncoding = 4; lastKnownFileType = file.storyboard; path = ShotDetailView.storyboard; sourceTree = "<group>"; };
/* End PBXFileReference section */

/* Begin PBXFrameworksBuildPhase section */
		5A604B941E9C41ED00EBF1D3 /* Frameworks */ = {
			isa = PBXFrameworksBuildPhase;
			buildActionMask = 2147483647;
			files = (
			);
			runOnlyForDeploymentPostprocessing = 0;
		};
/* End PBXFrameworksBuildPhase section */

/* Begin PBXGroup section */
		5A604B8E1E9C41EC00EBF1D3 = {
			isa = PBXGroup;
			children = (
				5A604B991E9C41ED00EBF1D3 /* Swish */,
				5A604B981E9C41ED00EBF1D3 /* Products */,
			);
			sourceTree = "<group>";
		};
		5A604B981E9C41ED00EBF1D3 /* Products */ = {
			isa = PBXGroup;
			children = (
				5A604B971E9C41ED00EBF1D3 /* Swish.app */,
			);
			name = Products;
			sourceTree = "<group>";
		};
		5A604B991E9C41ED00EBF1D3 /* Swish */ = {
			isa = PBXGroup;
			children = (
				5A604BAD1E9C433500EBF1D3 /* Storyboards */,
				5A604BBC1E9C445600EBF1D3 /* ViewControllers */,
				5A604BBB1E9C444F00EBF1D3 /* Views */,
				5A604BBA1E9C444100EBF1D3 /* ModelController */,
				5A604BB91E9C443900EBF1D3 /* Model */,
				5A604BBE1E9C446100EBF1D3 /* Network */,
				5A604BBD1E9C445C00EBF1D3 /* Helpers */,
				5A604BAC1E9C432700EBF1D3 /* Sources */,
				5A604BAE1E9C433C00EBF1D3 /* Resources */,
			);
			path = Swish;
			sourceTree = "<group>";
		};
		5A604BAC1E9C432700EBF1D3 /* Sources */ = {
			isa = PBXGroup;
			children = (
				5A604B9A1E9C41ED00EBF1D3 /* AppDelegate.swift */,
			);
			name = Sources;
			sourceTree = "<group>";
		};
		5A604BAD1E9C433500EBF1D3 /* Storyboards */ = {
			isa = PBXGroup;
			children = (
				5A604BA31E9C41ED00EBF1D3 /* LaunchScreen.storyboard */,
				5A604B9E1E9C41ED00EBF1D3 /* Main.storyboard */,
				5A604BAF1E9C435900EBF1D3 /* Swipe.storyboard */,
				5A604BB11E9C436200EBF1D3 /* Likes.storyboard */,
				5A604BB31E9C436B00EBF1D3 /* Search.storyboard */,
				5A604BB51E9C437200EBF1D3 /* User.storyboard */,
				66C4809D1EA6B9AA00C0E077 /* ShotDetailView.storyboard */,
				96DDF2431EA6BD4E006DBD1D /* ShotDetailView.storyboard */,
			);
			name = Storyboards;
			sourceTree = "<group>";
		};
		5A604BAE1E9C433C00EBF1D3 /* Resources */ = {
			isa = PBXGroup;
			children = (
				5A604BA11E9C41ED00EBF1D3 /* Assets.xcassets */,
				5A604BA61E9C41ED00EBF1D3 /* Info.plist */,
			);
			name = Resources;
			sourceTree = "<group>";
		};
		5A604BB91E9C443900EBF1D3 /* Model */ = {
			isa = PBXGroup;
			children = (
				5A80040E1E9EBD3F005356CA /* Shot.swift */,
				661E6E3F1E9C4BE90048E5EA /* User.swift */,
			);
			name = Model;
			sourceTree = "<group>";
		};
		5A604BBA1E9C444100EBF1D3 /* ModelController */ = {
			isa = PBXGroup;
			children = (
				5A8004201E9EC064005356CA /* ApiController.swift */,
				661E6E3D1E9C4BD00048E5EA /* UserController.swift */,
			);
			name = ModelController;
			sourceTree = "<group>";
		};
		5A604BBB1E9C444F00EBF1D3 /* Views */ = {
			isa = PBXGroup;
			children = (
				66C5FC691EA504C1007B28AB /* UserProfileCollectionReusableView.swift */,
				66C4809F1EA6CBE800C0E077 /* UserShotsCollectionViewCell.swift */,
				96AF3E441E9FCF2D002A79DD /* ShotCollectionViewCell.swift */,
				5A7E23B11EA2B1B900582516 /* CardView.swift */,
				5A7E23B31EA2B20C00582516 /* EmojiOptionsOverlay.swift */,
				5A7E23B51EA2B24400582516 /* ShotCard.swift */,
			);
			name = Views;
			sourceTree = "<group>";
		};
		5A604BBC1E9C445600EBF1D3 /* ViewControllers */ = {
			isa = PBXGroup;
			children = (
				5A604BC11E9C6E0900EBF1D3 /* LaunchViewController.swift */,
				5A604BC31E9C726300EBF1D3 /* AuthViewController.swift */,
				5A2A17F61EA28C1D00158E55 /* SwipeViewController.swift */,
				665984561E9EBF87001BB19F /* UserDetailViewController.swift */,
				5A3E25891E9FEFBD00810CCB /* ShotDetailViewController.swift */,
				96AF3E451E9FCF2D002A79DD /* LikesViewController.swift */,
			);
			name = ViewControllers;
			sourceTree = "<group>";
		};
		5A604BBD1E9C445C00EBF1D3 /* Helpers */ = {
			isa = PBXGroup;
			children = (
				5A604BBF1E9C6CAC00EBF1D3 /* Appearance.swift */,
				5AF634401EA66D9900E5ACD4 /* Formatters.swift */,
				5A8004161E9EBD89005356CA /* ImageController.swift */,
				96A2769F1E9E97B7006C21F0 /* Keychain.swift */,
				963C597A1EA16BD40015A139 /* UIImage+gif.swift */,
			);
			name = Helpers;
			sourceTree = "<group>";
		};
		5A604BBE1E9C446100EBF1D3 /* Network */ = {
			isa = PBXGroup;
			children = (
				5A8786001E9D33F900CB8B6C /* DribbbleApi.swift */,
				967D83C51E9D9F17001BE32E /* NetworkController.swift */,
			);
			name = Network;
			sourceTree = "<group>";
		};
/* End PBXGroup section */

/* Begin PBXNativeTarget section */
		5A604B961E9C41ED00EBF1D3 /* Swish */ = {
			isa = PBXNativeTarget;
			buildConfigurationList = 5A604BA91E9C41ED00EBF1D3 /* Build configuration list for PBXNativeTarget "Swish" */;
			buildPhases = (
				5A604B931E9C41ED00EBF1D3 /* Sources */,
				5A604B941E9C41ED00EBF1D3 /* Frameworks */,
				5A604B951E9C41ED00EBF1D3 /* Resources */,
				5A87863A1E9D4AA600CB8B6C /* Embed Frameworks */,
			);
			buildRules = (
			);
			dependencies = (
			);
			name = Swish;
			productName = Swish;
			productReference = 5A604B971E9C41ED00EBF1D3 /* Swish.app */;
			productType = "com.apple.product-type.application";
		};
/* End PBXNativeTarget section */

/* Begin PBXProject section */
		5A604B8F1E9C41EC00EBF1D3 /* Project object */ = {
			isa = PBXProject;
			attributes = {
				LastSwiftUpdateCheck = 0830;
				LastUpgradeCheck = 0830;
				ORGANIZATIONNAME = And;
				TargetAttributes = {
					5A604B961E9C41ED00EBF1D3 = {
						CreatedOnToolsVersion = 8.3.1;
						DevelopmentTeam = HK9J242HR4;
						LastSwiftMigration = 0830;
						ProvisioningStyle = Automatic;
					};
				};
			};
			buildConfigurationList = 5A604B921E9C41EC00EBF1D3 /* Build configuration list for PBXProject "Swish" */;
			compatibilityVersion = "Xcode 3.2";
			developmentRegion = English;
			hasScannedForEncodings = 0;
			knownRegions = (
				en,
				Base,
			);
			mainGroup = 5A604B8E1E9C41EC00EBF1D3;
			productRefGroup = 5A604B981E9C41ED00EBF1D3 /* Products */;
			projectDirPath = "";
			projectRoot = "";
			targets = (
				5A604B961E9C41ED00EBF1D3 /* Swish */,
			);
		};
/* End PBXProject section */

/* Begin PBXResourcesBuildPhase section */
		5A604B951E9C41ED00EBF1D3 /* Resources */ = {
			isa = PBXResourcesBuildPhase;
			buildActionMask = 2147483647;
			files = (
				5A604BA51E9C41ED00EBF1D3 /* LaunchScreen.storyboard in Resources */,
				5A604BA21E9C41ED00EBF1D3 /* Assets.xcassets in Resources */,
				5A604BB21E9C436200EBF1D3 /* Likes.storyboard in Resources */,
				5A604BA01E9C41ED00EBF1D3 /* Main.storyboard in Resources */,
				66C4809E1EA6B9AA00C0E077 /* ShotDetailView.storyboard in Resources */,
				96DDF2441EA6BD4E006DBD1D /* ShotDetailView.storyboard in Resources */,
				5A604BB41E9C436B00EBF1D3 /* Search.storyboard in Resources */,
				5A604BB61E9C437200EBF1D3 /* User.storyboard in Resources */,
				5A604BB01E9C435900EBF1D3 /* Swipe.storyboard in Resources */,
			);
			runOnlyForDeploymentPostprocessing = 0;
		};
/* End PBXResourcesBuildPhase section */

/* Begin PBXSourcesBuildPhase section */
		5A604B931E9C41ED00EBF1D3 /* Sources */ = {
			isa = PBXSourcesBuildPhase;
			buildActionMask = 2147483647;
			files = (
				5A7E23B61EA2B24400582516 /* ShotCard.swift in Sources */,
				66C480A01EA6CBE800C0E077 /* UserShotsCollectionViewCell.swift in Sources */,
				96AF3E461E9FCF2D002A79DD /* ShotCollectionViewCell.swift in Sources */,
				5A8004171E9EBD89005356CA /* ImageController.swift in Sources */,
				5A7E23B41EA2B20C00582516 /* EmojiOptionsOverlay.swift in Sources */,
				661E6E3E1E9C4BD00048E5EA /* UserController.swift in Sources */,
				665984571E9EBF87001BB19F /* UserDetailViewController.swift in Sources */,
				5A3E258A1E9FEFBD00810CCB /* ShotDetailViewController.swift in Sources */,
				5A604BC41E9C726300EBF1D3 /* AuthViewController.swift in Sources */,
				5AF634411EA66D9900E5ACD4 /* Formatters.swift in Sources */,
				66C5FC6A1EA504C1007B28AB /* UserProfileCollectionReusableView.swift in Sources */,
				5A604B9B1E9C41ED00EBF1D3 /* AppDelegate.swift in Sources */,
				5A7E23B21EA2B1B900582516 /* CardView.swift in Sources */,
				661E6E401E9C4BE90048E5EA /* User.swift in Sources */,
				967D83C61E9D9F17001BE32E /* NetworkController.swift in Sources */,
				5A604BC21E9C6E0900EBF1D3 /* LaunchViewController.swift in Sources */,
				963C597B1EA16BD40015A139 /* UIImage+gif.swift in Sources */,
				5A2A17F71EA28C1D00158E55 /* SwipeViewController.swift in Sources */,
				5A80040F1E9EBD3F005356CA /* Shot.swift in Sources */,
				5A604BC01E9C6CAC00EBF1D3 /* Appearance.swift in Sources */,
				96AF3E471E9FCF2D002A79DD /* LikesViewController.swift in Sources */,
				5A8786011E9D33F900CB8B6C /* DribbbleApi.swift in Sources */,
				5A8004211E9EC064005356CA /* ApiController.swift in Sources */,
				96A276A01E9E97B7006C21F0 /* Keychain.swift in Sources */,
			);
			runOnlyForDeploymentPostprocessing = 0;
		};
/* End PBXSourcesBuildPhase section */

/* Begin PBXVariantGroup section */
		5A604B9E1E9C41ED00EBF1D3 /* Main.storyboard */ = {
			isa = PBXVariantGroup;
			children = (
				5A604B9F1E9C41ED00EBF1D3 /* Base */,
			);
			name = Main.storyboard;
			sourceTree = "<group>";
		};
		5A604BA31E9C41ED00EBF1D3 /* LaunchScreen.storyboard */ = {
			isa = PBXVariantGroup;
			children = (
				5A604BA41E9C41ED00EBF1D3 /* Base */,
			);
			name = LaunchScreen.storyboard;
			sourceTree = "<group>";
		};
/* End PBXVariantGroup section */

/* Begin XCBuildConfiguration section */
		5A604BA71E9C41ED00EBF1D3 /* Debug */ = {
			isa = XCBuildConfiguration;
			buildSettings = {
				ALWAYS_SEARCH_USER_PATHS = NO;
				CLANG_ANALYZER_NONNULL = YES;
				CLANG_ANALYZER_NUMBER_OBJECT_CONVERSION = YES_AGGRESSIVE;
				CLANG_CXX_LANGUAGE_STANDARD = "gnu++0x";
				CLANG_CXX_LIBRARY = "libc++";
				CLANG_ENABLE_MODULES = YES;
				CLANG_ENABLE_OBJC_ARC = YES;
				CLANG_WARN_BOOL_CONVERSION = YES;
				CLANG_WARN_CONSTANT_CONVERSION = YES;
				CLANG_WARN_DIRECT_OBJC_ISA_USAGE = YES_ERROR;
				CLANG_WARN_DOCUMENTATION_COMMENTS = YES;
				CLANG_WARN_EMPTY_BODY = YES;
				CLANG_WARN_ENUM_CONVERSION = YES;
				CLANG_WARN_INFINITE_RECURSION = YES;
				CLANG_WARN_INT_CONVERSION = YES;
				CLANG_WARN_OBJC_ROOT_CLASS = YES_ERROR;
				CLANG_WARN_SUSPICIOUS_MOVE = YES;
				CLANG_WARN_UNREACHABLE_CODE = YES;
				CLANG_WARN__DUPLICATE_METHOD_MATCH = YES;
				"CODE_SIGN_IDENTITY[sdk=iphoneos*]" = "iPhone Developer";
				COPY_PHASE_STRIP = NO;
				DEBUG_INFORMATION_FORMAT = dwarf;
				ENABLE_STRICT_OBJC_MSGSEND = YES;
				ENABLE_TESTABILITY = YES;
				GCC_C_LANGUAGE_STANDARD = gnu99;
				GCC_DYNAMIC_NO_PIC = NO;
				GCC_NO_COMMON_BLOCKS = YES;
				GCC_OPTIMIZATION_LEVEL = 0;
				GCC_PREPROCESSOR_DEFINITIONS = (
					"DEBUG=1",
					"$(inherited)",
				);
				GCC_WARN_64_TO_32_BIT_CONVERSION = YES;
				GCC_WARN_ABOUT_RETURN_TYPE = YES_ERROR;
				GCC_WARN_UNDECLARED_SELECTOR = YES;
				GCC_WARN_UNINITIALIZED_AUTOS = YES_AGGRESSIVE;
				GCC_WARN_UNUSED_FUNCTION = YES;
				GCC_WARN_UNUSED_VARIABLE = YES;
				IPHONEOS_DEPLOYMENT_TARGET = 10.3;
				MTL_ENABLE_DEBUG_INFO = YES;
				ONLY_ACTIVE_ARCH = YES;
				SDKROOT = iphoneos;
				SWIFT_ACTIVE_COMPILATION_CONDITIONS = DEBUG;
				SWIFT_OPTIMIZATION_LEVEL = "-Onone";
				TARGETED_DEVICE_FAMILY = "1,2";
			};
			name = Debug;
		};
		5A604BA81E9C41ED00EBF1D3 /* Release */ = {
			isa = XCBuildConfiguration;
			buildSettings = {
				ALWAYS_SEARCH_USER_PATHS = NO;
				CLANG_ANALYZER_NONNULL = YES;
				CLANG_ANALYZER_NUMBER_OBJECT_CONVERSION = YES_AGGRESSIVE;
				CLANG_CXX_LANGUAGE_STANDARD = "gnu++0x";
				CLANG_CXX_LIBRARY = "libc++";
				CLANG_ENABLE_MODULES = YES;
				CLANG_ENABLE_OBJC_ARC = YES;
				CLANG_WARN_BOOL_CONVERSION = YES;
				CLANG_WARN_CONSTANT_CONVERSION = YES;
				CLANG_WARN_DIRECT_OBJC_ISA_USAGE = YES_ERROR;
				CLANG_WARN_DOCUMENTATION_COMMENTS = YES;
				CLANG_WARN_EMPTY_BODY = YES;
				CLANG_WARN_ENUM_CONVERSION = YES;
				CLANG_WARN_INFINITE_RECURSION = YES;
				CLANG_WARN_INT_CONVERSION = YES;
				CLANG_WARN_OBJC_ROOT_CLASS = YES_ERROR;
				CLANG_WARN_SUSPICIOUS_MOVE = YES;
				CLANG_WARN_UNREACHABLE_CODE = YES;
				CLANG_WARN__DUPLICATE_METHOD_MATCH = YES;
				"CODE_SIGN_IDENTITY[sdk=iphoneos*]" = "iPhone Developer";
				COPY_PHASE_STRIP = NO;
				DEBUG_INFORMATION_FORMAT = "dwarf-with-dsym";
				ENABLE_NS_ASSERTIONS = NO;
				ENABLE_STRICT_OBJC_MSGSEND = YES;
				GCC_C_LANGUAGE_STANDARD = gnu99;
				GCC_NO_COMMON_BLOCKS = YES;
				GCC_WARN_64_TO_32_BIT_CONVERSION = YES;
				GCC_WARN_ABOUT_RETURN_TYPE = YES_ERROR;
				GCC_WARN_UNDECLARED_SELECTOR = YES;
				GCC_WARN_UNINITIALIZED_AUTOS = YES_AGGRESSIVE;
				GCC_WARN_UNUSED_FUNCTION = YES;
				GCC_WARN_UNUSED_VARIABLE = YES;
				IPHONEOS_DEPLOYMENT_TARGET = 10.3;
				MTL_ENABLE_DEBUG_INFO = NO;
				SDKROOT = iphoneos;
				SWIFT_OPTIMIZATION_LEVEL = "-Owholemodule";
				TARGETED_DEVICE_FAMILY = "1,2";
				VALIDATE_PRODUCT = YES;
			};
			name = Release;
		};
		5A604BAA1E9C41ED00EBF1D3 /* Debug */ = {
			isa = XCBuildConfiguration;
			buildSettings = {
				ALWAYS_EMBED_SWIFT_STANDARD_LIBRARIES = YES;
				ASSETCATALOG_COMPILER_APPICON_NAME = AppIcon;
				CLANG_ENABLE_MODULES = YES;
				DEVELOPMENT_TEAM = HK9J242HR4;
				INFOPLIST_FILE = Swish/Info.plist;
				LD_RUNPATH_SEARCH_PATHS = "$(inherited) @executable_path/Frameworks";
				ONLY_ACTIVE_ARCH = NO;
				PRODUCT_BUNDLE_IDENTIFIER = studio.and.Swish;
				PRODUCT_NAME = "$(TARGET_NAME)";
				SWIFT_OBJC_BRIDGING_HEADER = "";
				SWIFT_OPTIMIZATION_LEVEL = "-Onone";
				SWIFT_VERSION = 3.0;
			};
			name = Debug;
		};
		5A604BAB1E9C41ED00EBF1D3 /* Release */ = {
			isa = XCBuildConfiguration;
			buildSettings = {
				ALWAYS_EMBED_SWIFT_STANDARD_LIBRARIES = YES;
				ASSETCATALOG_COMPILER_APPICON_NAME = AppIcon;
				CLANG_ENABLE_MODULES = YES;
				DEVELOPMENT_TEAM = HK9J242HR4;
				INFOPLIST_FILE = Swish/Info.plist;
				LD_RUNPATH_SEARCH_PATHS = "$(inherited) @executable_path/Frameworks";
				PRODUCT_BUNDLE_IDENTIFIER = studio.and.Swish;
				PRODUCT_NAME = "$(TARGET_NAME)";
				SWIFT_OBJC_BRIDGING_HEADER = "";
				SWIFT_VERSION = 3.0;
			};
			name = Release;
		};
/* End XCBuildConfiguration section */

/* Begin XCConfigurationList section */
		5A604B921E9C41EC00EBF1D3 /* Build configuration list for PBXProject "Swish" */ = {
			isa = XCConfigurationList;
			buildConfigurations = (
				5A604BA71E9C41ED00EBF1D3 /* Debug */,
				5A604BA81E9C41ED00EBF1D3 /* Release */,
			);
			defaultConfigurationIsVisible = 0;
			defaultConfigurationName = Release;
		};
		5A604BA91E9C41ED00EBF1D3 /* Build configuration list for PBXNativeTarget "Swish" */ = {
			isa = XCConfigurationList;
			buildConfigurations = (
				5A604BAA1E9C41ED00EBF1D3 /* Debug */,
				5A604BAB1E9C41ED00EBF1D3 /* Release */,
			);
			defaultConfigurationIsVisible = 0;
			defaultConfigurationName = Release;
		};
/* End XCConfigurationList section */
	};
	rootObject = 5A604B8F1E9C41EC00EBF1D3 /* Project object */;
}
